{
  "name": "xml-val-benchmark",
  "version": "1.0.0",
  "lockfileVersion": 3,
  "requires": true,
  "packages": {
    "": {
      "name": "xml-val-benchmark",
      "version": "1.0.0",
      "license": "ISC",
      "dependencies": {
        "xerces-wasm": "^2.0.1",
        "xmllint-wasm": "^5.2.0"
      }
    },
    "node_modules/@types/node": {
      "version": "26.1.2",
      "resolved": "https://registry.npmjs.org/@types/node/-/node-26.1.2.tgz",
      "integrity": "sha512-Vu4a5UFA9rIIFJ7rB/Vaafh9lrCQszopTCx6KjFboXTGQbPNasehVR5TEiithSDGyd1DEiUByggTZsg8jukeIg==",
      "license": "MIT",
      "peer": true,
      "dependencies": {
        "undici-types": "~8.3.0"
      }
    },
    "node_modules/undici-types": {
      "version": "8.3.0",
      "resolved": "https://registry.npmjs.org/undici-types/-/undici-types-8.3.0.tgz",
      "integrity": "sha512-j375ScV60dom+YkPFIfTLcOiPxkN/buHz5GobjLhixFuANaNs3C9l4GmrWqejgXWJ7BbJcFYpTEUkS1Ge8bpZQ==",
      "license": "MIT",
      "peer": true
    },
    "node_modules/xerces-wasm": {
      "version": "2.0.1",
      "resolved": "https://registry.npmjs.org/xerces-wasm/-/xerces-wasm-2.0.1.tgz",
      "integrity": "sha512-f5qdawcD8x/VmCdqrdd2KwodbZeoivJuUKqBRvAEUKj7HKhRvguCsO+zqtCadDwGc+IKDNoGJxJOK0YS/jzcrQ==",
      "license": "MIT",
      "engines": {
        "node": ">=18"
      }
    },
    "node_modules/xmllint-wasm": {
      "version": "5.2.0",
      "resolved": "https://registry.npmjs.org/xmllint-wasm/-/xmllint-wasm-5.2.0.tgz",
      "integrity": "sha512-GVMuR3ViU8R7sakcVm/4GClMtCV8p7xgjXZlc6GmvPpInIz4V41lmRnjSd4uKhVkf5MZj97wEZkPM4RMAhojuQ==",
      "license": "MIT",
      "engines": {
        "node": ">=16"
      },
      "peerDependencies": {
        "@types/node": ">=16"
      }
    }
  }
}
